
Microsoft Visual Studio Solution File, Format Version 12.00
# Visual Studio 15
VisualStudioVersion = 15.0.28307.438
MinimumVisualStudioVersion = 10.0.40219.1
Project("{FAE04EC0-301F-11D3-BF4B-00C04F79EFBC}") = "forumCliente", "forumCliente\forumCliente.csproj", "{AB2A278F-2B0A-4707-BDB5-6327D58D2555}"
EndProject
Global
	GlobalSection(SolutionConfigurationPlatforms) = preSolution
		Debug|Any CPU = Debug|Any CPU
		Release|Any CPU = Release|Any CPU
	EndGlobalSection
	GlobalSection(ProjectConfigurationPlatforms) = postSolution
		{AB2A278F-2B0A-4707-BDB5-6327D58D2555}.Debug|Any CPU.ActiveCfg = Debug|Any CPU
		{AB2A278F-2B0A-4707-BDB5-6327D58D2555}.Debug|Any CPU.Build.0 = Debug|Any CPU
		{AB2A278F-2B0A-4707-BDB5-6327D58D2555}.Release|Any CPU.ActiveCfg = Release|Any CPU
		{AB2A278F-2B0A-4707-BDB5-6327D58D2555}.Release|Any CPU.Build.0 = Release|Any CPU
	EndGlobalSection
	GlobalSection(SolutionProperties) = preSolution
		HideSolutionNode = FALSE
	EndGlobalSection
	GlobalSection(ExtensibilityGlobals) = postSolution
		SolutionGuid = {06F35D68-CABD-437C-A95A-3C4A6EB8CBB2}
	EndGlobalSection
EndGlobal
